PODS:
  - GoogleMaps (2.7.0):
    - GoogleMaps/Maps (= 2.7.0)
  - GoogleMaps/Base (2.7.0)
  - GoogleMaps/Maps (2.7.0):
    - GoogleMaps/Base
  - GooglePlaces (2.7.0):
    - GoogleMaps/Base (= 2.7.0)
  - PKHUD (5.0.0)
  - PureLayout (3.0.2)

DEPENDENCIES:
  - GoogleMaps
  - GooglePlaces
  - PKHUD (~> 5.0)
  - PureLayout

SPEC REPOS:
  https://github.com/cocoapods/specs.git:
    - GoogleMaps
    - GooglePlaces
    - PKHUD
    - PureLayout

SPEC CHECKSUMS:
  GoogleMaps: f79af95cb24d869457b1f961c93d3ce8b2f3b848
  GooglePlaces: 3d06e6c99654545b4738ce49648745779c25f2ef
  PKHUD: 3c001512c6e002091184197a8de7a20420786e3b
  PureLayout: 4d550abe49a94f24c2808b9b95db9131685fe4cd

PODFILE CHECKSUM: 8c6f8aa7443aece5f4e85a663bc2b4eb56f1c4de

COCOAPODS: 1.5.3
