// !$*UTF8*$!
{
	archiveVersion = 1;
	classes = {
	};
	objectVersion = 46;
	objects = {

/* Begin PBXBuildFile section */
		0628E4851E7C82830066A308 /* MapKit.framework in Frameworks */ = {isa = PBXBuildFile; fileRef = 0628E4841E7C82830066A308 /* MapKit.framework */; };
		0628E4871E7CA3260066A308 /* FeedVC.swift in Sources */ = {isa = PBXBuildFile; fileRef = 0628E4861E7CA3260066A308 /* FeedVC.swift */; };
		0628E48B1E7CA4750066A308 /* Color.swift in Sources */ = {isa = PBXBuildFile; fileRef = 0628E48A1E7CA4750066A308 /* Color.swift */; };
		067EC2E71E8C9F8D0098ED94 /* Event.swift in Sources */ = {isa = PBXBuildFile; fileRef = 067EC2E61E8C9F8D0098ED94 /* Event.swift */; };
		067EC2E91E8C9FE20098ED94 /* Time.swift in Sources */ = {isa = PBXBuildFile; fileRef = 067EC2E81E8C9FE20098ED94 /* Time.swift */; };
		DC18B3111E76CBCE00C3FCD6 /* AppDelegate.swift in Sources */ = {isa = PBXBuildFile; fileRef = DC18B3101E76CBCE00C3FCD6 /* AppDelegate.swift */; };
		DC18B3161E76CBCE00C3FCD6 /* Main.storyboard in Resources */ = {isa = PBXBuildFile; fileRef = DC18B3141E76CBCE00C3FCD6 /* Main.storyboard */; };
		DC18B3181E76CBCE00C3FCD6 /* Assets.xcassets in Resources */ = {isa = PBXBuildFile; fileRef = DC18B3171E76CBCE00C3FCD6 /* Assets.xcassets */; };
		DC18B31B1E76CBCE00C3FCD6 /* LaunchScreen.storyboard in Resources */ = {isa = PBXBuildFile; fileRef = DC18B3191E76CBCE00C3FCD6 /* LaunchScreen.storyboard */; };
		DC18B3261E76CBCE00C3FCD6 /* O_WeekTests.swift in Sources */ = {isa = PBXBuildFile; fileRef = DC18B3251E76CBCE00C3FCD6 /* O_WeekTests.swift */; };
		DC18B3311E76CBCE00C3FCD6 /* O_WeekUITests.swift in Sources */ = {isa = PBXBuildFile; fileRef = DC18B3301E76CBCE00C3FCD6 /* O_WeekUITests.swift */; };
		DC1E83191E85E635000CD56B /* ScheduleCell.swift in Sources */ = {isa = PBXBuildFile; fileRef = DC1E83181E85E635000CD56B /* ScheduleCell.swift */; };
		DC2C02991E7DC25F00E9DDEF /* ScheduleVC.swift in Sources */ = {isa = PBXBuildFile; fileRef = DC2C02981E7DC25F00E9DDEF /* ScheduleVC.swift */; };
		DC3274621E7CB4F100CB3E22 /* FeedCell.swift in Sources */ = {isa = PBXBuildFile; fileRef = DC3274611E7CB4F100CB3E22 /* FeedCell.swift */; };
		DCC2FF8B1EB24EEA00624B4F /* Internet.swift in Sources */ = {isa = PBXBuildFile; fileRef = DCC2FF8A1EB24EEA00624B4F /* Internet.swift */; };
		DCD4464C1E76F941002D8F68 /* DetailsVC.swift in Sources */ = {isa = PBXBuildFile; fileRef = DCD4464B1E76F941002D8F68 /* DetailsVC.swift */; };
/* End PBXBuildFile section */

/* Begin PBXContainerItemProxy section */
		DC18B3221E76CBCE00C3FCD6 /* PBXContainerItemProxy */ = {
			isa = PBXContainerItemProxy;
			containerPortal = DC18B3051E76CBCE00C3FCD6 /* Project object */;
			proxyType = 1;
			remoteGlobalIDString = DC18B30C1E76CBCE00C3FCD6;
			remoteInfo = "O-Week";
		};
		DC18B32D1E76CBCE00C3FCD6 /* PBXContainerItemProxy */ = {
			isa = PBXContainerItemProxy;
			containerPortal = DC18B3051E76CBCE00C3FCD6 /* Project object */;
			proxyType = 1;
			remoteGlobalIDString = DC18B30C1E76CBCE00C3FCD6;
			remoteInfo = "O-Week";
		};
/* End PBXContainerItemProxy section */

/* Begin PBXFileReference section */
		0628E4841E7C82830066A308 /* MapKit.framework */ = {isa = PBXFileReference; lastKnownFileType = wrapper.framework; name = MapKit.framework; path = System/Library/Frameworks/MapKit.framework; sourceTree = SDKROOT; };
		0628E4861E7CA3260066A308 /* FeedVC.swift */ = {isa = PBXFileReference; fileEncoding = 4; lastKnownFileType = sourcecode.swift; path = FeedVC.swift; sourceTree = "<group>"; };
		0628E48A1E7CA4750066A308 /* Color.swift */ = {isa = PBXFileReference; fileEncoding = 4; lastKnownFileType = sourcecode.swift; path = Color.swift; sourceTree = "<group>"; };
		067EC2E61E8C9F8D0098ED94 /* Event.swift */ = {isa = PBXFileReference; fileEncoding = 4; lastKnownFileType = sourcecode.swift; path = Event.swift; sourceTree = "<group>"; };
		067EC2E81E8C9FE20098ED94 /* Time.swift */ = {isa = PBXFileReference; fileEncoding = 4; lastKnownFileType = sourcecode.swift; path = Time.swift; sourceTree = "<group>"; };
		DC18B30D1E76CBCE00C3FCD6 /* O-Week.app */ = {isa = PBXFileReference; explicitFileType = wrapper.application; includeInIndex = 0; path = "O-Week.app"; sourceTree = BUILT_PRODUCTS_DIR; };
		DC18B3101E76CBCE00C3FCD6 /* AppDelegate.swift */ = {isa = PBXFileReference; lastKnownFileType = sourcecode.swift; path = AppDelegate.swift; sourceTree = "<group>"; };
		DC18B3151E76CBCE00C3FCD6 /* Base */ = {isa = PBXFileReference; lastKnownFileType = file.storyboard; name = Base; path = Base.lproj/Main.storyboard; sourceTree = "<group>"; };
		DC18B3171E76CBCE00C3FCD6 /* Assets.xcassets */ = {isa = PBXFileReference; lastKnownFileType = folder.assetcatalog; path = Assets.xcassets; sourceTree = "<group>"; };
		DC18B31A1E76CBCE00C3FCD6 /* Base */ = {isa = PBXFileReference; lastKnownFileType = file.storyboard; name = Base; path = Base.lproj/LaunchScreen.storyboard; sourceTree = "<group>"; };
		DC18B31C1E76CBCE00C3FCD6 /* Info.plist */ = {isa = PBXFileReference; lastKnownFileType = text.plist.xml; path = Info.plist; sourceTree = "<group>"; };
		DC18B3211E76CBCE00C3FCD6 /* O-WeekTests.xctest */ = {isa = PBXFileReference; explicitFileType = wrapper.cfbundle; includeInIndex = 0; path = "O-WeekTests.xctest"; sourceTree = BUILT_PRODUCTS_DIR; };
		DC18B3251E76CBCE00C3FCD6 /* O_WeekTests.swift */ = {isa = PBXFileReference; lastKnownFileType = sourcecode.swift; path = O_WeekTests.swift; sourceTree = "<group>"; };
		DC18B3271E76CBCE00C3FCD6 /* Info.plist */ = {isa = PBXFileReference; lastKnownFileType = text.plist.xml; path = Info.plist; sourceTree = "<group>"; };
		DC18B32C1E76CBCE00C3FCD6 /* O-WeekUITests.xctest */ = {isa = PBXFileReference; explicitFileType = wrapper.cfbundle; includeInIndex = 0; path = "O-WeekUITests.xctest"; sourceTree = BUILT_PRODUCTS_DIR; };
		DC18B3301E76CBCE00C3FCD6 /* O_WeekUITests.swift */ = {isa = PBXFileReference; lastKnownFileType = sourcecode.swift; path = O_WeekUITests.swift; sourceTree = "<group>"; };
		DC18B3321E76CBCE00C3FCD6 /* Info.plist */ = {isa = PBXFileReference; lastKnownFileType = text.plist.xml; path = Info.plist; sourceTree = "<group>"; };
		DC1E83181E85E635000CD56B /* ScheduleCell.swift */ = {isa = PBXFileReference; fileEncoding = 4; lastKnownFileType = sourcecode.swift; path = ScheduleCell.swift; sourceTree = "<group>"; };
		DC2C02981E7DC25F00E9DDEF /* ScheduleVC.swift */ = {isa = PBXFileReference; fileEncoding = 4; lastKnownFileType = sourcecode.swift; path = ScheduleVC.swift; sourceTree = "<group>"; };
		DC3274611E7CB4F100CB3E22 /* FeedCell.swift */ = {isa = PBXFileReference; fileEncoding = 4; lastKnownFileType = sourcecode.swift; path = FeedCell.swift; sourceTree = "<group>"; };
		DCC2FF8A1EB24EEA00624B4F /* Internet.swift */ = {isa = PBXFileReference; fileEncoding = 4; lastKnownFileType = sourcecode.swift; path = Internet.swift; sourceTree = "<group>"; };
		DCD4464B1E76F941002D8F68 /* DetailsVC.swift */ = {isa = PBXFileReference; fileEncoding = 4; lastKnownFileType = sourcecode.swift; path = DetailsVC.swift; sourceTree = "<group>"; };
/* End PBXFileReference section */

/* Begin PBXFrameworksBuildPhase section */
		DC18B30A1E76CBCE00C3FCD6 /* Frameworks */ = {
			isa = PBXFrameworksBuildPhase;
			buildActionMask = 2147483647;
			files = (
				0628E4851E7C82830066A308 /* MapKit.framework in Frameworks */,
			);
			runOnlyForDeploymentPostprocessing = 0;
		};
		DC18B31E1E76CBCE00C3FCD6 /* Frameworks */ = {
			isa = PBXFrameworksBuildPhase;
			buildActionMask = 2147483647;
			files = (
			);
			runOnlyForDeploymentPostprocessing = 0;
		};
		DC18B3291E76CBCE00C3FCD6 /* Frameworks */ = {
			isa = PBXFrameworksBuildPhase;
			buildActionMask = 2147483647;
			files = (
			);
			runOnlyForDeploymentPostprocessing = 0;
		};
/* End PBXFrameworksBuildPhase section */

/* Begin PBXGroup section */
		0628E4831E7C82830066A308 /* Frameworks */ = {
			isa = PBXGroup;
			children = (
				0628E4841E7C82830066A308 /* MapKit.framework */,
			);
			name = Frameworks;
			sourceTree = "<group>";
		};
		DC18B3041E76CBCE00C3FCD6 = {
			isa = PBXGroup;
			children = (
				DC18B30F1E76CBCE00C3FCD6 /* O-Week */,
				DC18B3241E76CBCE00C3FCD6 /* O-WeekTests */,
				DC18B32F1E76CBCE00C3FCD6 /* O-WeekUITests */,
				DC18B30E1E76CBCE00C3FCD6 /* Products */,
				0628E4831E7C82830066A308 /* Frameworks */,
			);
			sourceTree = "<group>";
		};
		DC18B30E1E76CBCE00C3FCD6 /* Products */ = {
			isa = PBXGroup;
			children = (
				DC18B30D1E76CBCE00C3FCD6 /* O-Week.app */,
				DC18B3211E76CBCE00C3FCD6 /* O-WeekTests.xctest */,
				DC18B32C1E76CBCE00C3FCD6 /* O-WeekUITests.xctest */,
			);
			name = Products;
			sourceTree = "<group>";
		};
		DC18B30F1E76CBCE00C3FCD6 /* O-Week */ = {
			isa = PBXGroup;
			children = (
				DC18B3101E76CBCE00C3FCD6 /* AppDelegate.swift */,
				0628E48A1E7CA4750066A308 /* Color.swift */,
				067EC2E61E8C9F8D0098ED94 /* Event.swift */,
				067EC2E81E8C9FE20098ED94 /* Time.swift */,
				DCC2FF8A1EB24EEA00624B4F /* Internet.swift */,
				0628E4861E7CA3260066A308 /* FeedVC.swift */,
				DC3274611E7CB4F100CB3E22 /* FeedCell.swift */,
				DCD4464B1E76F941002D8F68 /* DetailsVC.swift */,
				DC2C02981E7DC25F00E9DDEF /* ScheduleVC.swift */,
				DC1E83181E85E635000CD56B /* ScheduleCell.swift */,
				DC18B3171E76CBCE00C3FCD6 /* Assets.xcassets */,
				DC18B3191E76CBCE00C3FCD6 /* LaunchScreen.storyboard */,
				DC18B3141E76CBCE00C3FCD6 /* Main.storyboard */,
				DC18B31C1E76CBCE00C3FCD6 /* Info.plist */,
			);
			path = "O-Week";
			sourceTree = "<group>";
		};
		DC18B3241E76CBCE00C3FCD6 /* O-WeekTests */ = {
			isa = PBXGroup;
			children = (
				DC18B3251E76CBCE00C3FCD6 /* O_WeekTests.swift */,
				DC18B3271E76CBCE00C3FCD6 /* Info.plist */,
			);
			path = "O-WeekTests";
			sourceTree = "<group>";
		};
		DC18B32F1E76CBCE00C3FCD6 /* O-WeekUITests */ = {
			isa = PBXGroup;
			children = (
				DC18B3301E76CBCE00C3FCD6 /* O_WeekUITests.swift */,
				DC18B3321E76CBCE00C3FCD6 /* Info.plist */,
			);
			path = "O-WeekUITests";
			sourceTree = "<group>";
		};
/* End PBXGroup section */

/* Begin PBXNativeTarget section */
		DC18B30C1E76CBCE00C3FCD6 /* O-Week */ = {
			isa = PBXNativeTarget;
			buildConfigurationList = DC18B3351E76CBCE00C3FCD6 /* Build configuration list for PBXNativeTarget "O-Week" */;
			buildPhases = (
				DC18B3091E76CBCE00C3FCD6 /* Sources */,
				DC18B30A1E76CBCE00C3FCD6 /* Frameworks */,
				DC18B30B1E76CBCE00C3FCD6 /* Resources */,
			);
			buildRules = (
			);
			dependencies = (
			);
			name = "O-Week";
			productName = "O-Week";
			productReference = DC18B30D1E76CBCE00C3FCD6 /* O-Week.app */;
			productType = "com.apple.product-type.application";
		};
		DC18B3201E76CBCE00C3FCD6 /* O-WeekTests */ = {
			isa = PBXNativeTarget;
			buildConfigurationList = DC18B3381E76CBCE00C3FCD6 /* Build configuration list for PBXNativeTarget "O-WeekTests" */;
			buildPhases = (
				DC18B31D1E76CBCE00C3FCD6 /* Sources */,
				DC18B31E1E76CBCE00C3FCD6 /* Frameworks */,
				DC18B31F1E76CBCE00C3FCD6 /* Resources */,
			);
			buildRules = (
			);
			dependencies = (
				DC18B3231E76CBCE00C3FCD6 /* PBXTargetDependency */,
			);
			name = "O-WeekTests";
			productName = "O-WeekTests";
			productReference = DC18B3211E76CBCE00C3FCD6 /* O-WeekTests.xctest */;
			productType = "com.apple.product-type.bundle.unit-test";
		};
		DC18B32B1E76CBCE00C3FCD6 /* O-WeekUITests */ = {
			isa = PBXNativeTarget;
			buildConfigurationList = DC18B33B1E76CBCE00C3FCD6 /* Build configuration list for PBXNativeTarget "O-WeekUITests" */;
			buildPhases = (
				DC18B3281E76CBCE00C3FCD6 /* Sources */,
				DC18B3291E76CBCE00C3FCD6 /* Frameworks */,
				DC18B32A1E76CBCE00C3FCD6 /* Resources */,
			);
			buildRules = (
			);
			dependencies = (
				DC18B32E1E76CBCE00C3FCD6 /* PBXTargetDependency */,
			);
			name = "O-WeekUITests";
			productName = "O-WeekUITests";
			productReference = DC18B32C1E76CBCE00C3FCD6 /* O-WeekUITests.xctest */;
			productType = "com.apple.product-type.bundle.ui-testing";
		};
/* End PBXNativeTarget section */

/* Begin PBXProject section */
		DC18B3051E76CBCE00C3FCD6 /* Project object */ = {
			isa = PBXProject;
			attributes = {
				LastSwiftUpdateCheck = 0820;
				LastUpgradeCheck = 0820;
				ORGANIZATIONNAME = "Cornell SA Tech";
				TargetAttributes = {
					DC18B30C1E76CBCE00C3FCD6 = {
						CreatedOnToolsVersion = 8.2.1;
						DevelopmentTeam = 82HRX58VPA;
						ProvisioningStyle = Automatic;
						SystemCapabilities = {
							com.apple.Maps.iOS = {
								enabled = 1;
							};
						};
					};
					DC18B3201E76CBCE00C3FCD6 = {
						CreatedOnToolsVersion = 8.2.1;
						DevelopmentTeam = 82HRX58VPA;
						ProvisioningStyle = Automatic;
						TestTargetID = DC18B30C1E76CBCE00C3FCD6;
					};
					DC18B32B1E76CBCE00C3FCD6 = {
						CreatedOnToolsVersion = 8.2.1;
						DevelopmentTeam = 82HRX58VPA;
						ProvisioningStyle = Automatic;
						TestTargetID = DC18B30C1E76CBCE00C3FCD6;
					};
				};
			};
			buildConfigurationList = DC18B3081E76CBCE00C3FCD6 /* Build configuration list for PBXProject "O-Week" */;
			compatibilityVersion = "Xcode 3.2";
			developmentRegion = English;
			hasScannedForEncodings = 0;
			knownRegions = (
				en,
				Base,
			);
			mainGroup = DC18B3041E76CBCE00C3FCD6;
			productRefGroup = DC18B30E1E76CBCE00C3FCD6 /* Products */;
			projectDirPath = "";
			projectRoot = "";
			targets = (
				DC18B30C1E76CBCE00C3FCD6 /* O-Week */,
				DC18B3201E76CBCE00C3FCD6 /* O-WeekTests */,
				DC18B32B1E76CBCE00C3FCD6 /* O-WeekUITests */,
			);
		};
/* End PBXProject section */

/* Begin PBXResourcesBuildPhase section */
		DC18B30B1E76CBCE00C3FCD6 /* Resources */ = {
			isa = PBXResourcesBuildPhase;
			buildActionMask = 2147483647;
			files = (
				DC18B31B1E76CBCE00C3FCD6 /* LaunchScreen.storyboard in Resources */,
				DC18B3181E76CBCE00C3FCD6 /* Assets.xcassets in Resources */,
				DC18B3161E76CBCE00C3FCD6 /* Main.storyboard in Resources */,
			);
			runOnlyForDeploymentPostprocessing = 0;
		};
		DC18B31F1E76CBCE00C3FCD6 /* Resources */ = {
			isa = PBXResourcesBuildPhase;
			buildActionMask = 2147483647;
			files = (
			);
			runOnlyForDeploymentPostprocessing = 0;
		};
		DC18B32A1E76CBCE00C3FCD6 /* Resources */ = {
			isa = PBXResourcesBuildPhase;
			buildActionMask = 2147483647;
			files = (
			);
			runOnlyForDeploymentPostprocessing = 0;
		};
/* End PBXResourcesBuildPhase section */

/* Begin PBXSourcesBuildPhase section */
		DC18B3091E76CBCE00C3FCD6 /* Sources */ = {
			isa = PBXSourcesBuildPhase;
			buildActionMask = 2147483647;
			files = (
				0628E4871E7CA3260066A308 /* FeedVC.swift in Sources */,
				067EC2E71E8C9F8D0098ED94 /* Event.swift in Sources */,
				067EC2E91E8C9FE20098ED94 /* Time.swift in Sources */,
				DC2C02991E7DC25F00E9DDEF /* ScheduleVC.swift in Sources */,
				DCC2FF8B1EB24EEA00624B4F /* Internet.swift in Sources */,
				DC1E83191E85E635000CD56B /* ScheduleCell.swift in Sources */,
				DC18B3111E76CBCE00C3FCD6 /* AppDelegate.swift in Sources */,
				0628E48B1E7CA4750066A308 /* Color.swift in Sources */,
				DCD4464C1E76F941002D8F68 /* DetailsVC.swift in Sources */,
				DC3274621E7CB4F100CB3E22 /* FeedCell.swift in Sources */,
			);
			runOnlyForDeploymentPostprocessing = 0;
		};
		DC18B31D1E76CBCE00C3FCD6 /* Sources */ = {
			isa = PBXSourcesBuildPhase;
			buildActionMask = 2147483647;
			files = (
				DC18B3261E76CBCE00C3FCD6 /* O_WeekTests.swift in Sources */,
			);
			runOnlyForDeploymentPostprocessing = 0;
		};
		DC18B3281E76CBCE00C3FCD6 /* Sources */ = {
			isa = PBXSourcesBuildPhase;
			buildActionMask = 2147483647;
			files = (
				DC18B3311E76CBCE00C3FCD6 /* O_WeekUITests.swift in Sources */,
			);
			runOnlyForDeploymentPostprocessing = 0;
		};
/* End PBXSourcesBuildPhase section */

/* Begin PBXTargetDependency section */
		DC18B3231E76CBCE00C3FCD6 /* PBXTargetDependency */ = {
			isa = PBXTargetDependency;
			target = DC18B30C1E76CBCE00C3FCD6 /* O-Week */;
			targetProxy = DC18B3221E76CBCE00C3FCD6 /* PBXContainerItemProxy */;
		};
		DC18B32E1E76CBCE00C3FCD6 /* PBXTargetDependency */ = {
			isa = PBXTargetDependency;
			target = DC18B30C1E76CBCE00C3FCD6 /* O-Week */;
			targetProxy = DC18B32D1E76CBCE00C3FCD6 /* PBXContainerItemProxy */;
		};
/* End PBXTargetDependency section */

/* Begin PBXVariantGroup section */
		DC18B3141E76CBCE00C3FCD6 /* Main.storyboard */ = {
			isa = PBXVariantGroup;
			children = (
				DC18B3151E76CBCE00C3FCD6 /* Base */,
			);
			name = Main.storyboard;
			sourceTree = "<group>";
		};
		DC18B3191E76CBCE00C3FCD6 /* LaunchScreen.storyboard */ = {
			isa = PBXVariantGroup;
			children = (
				DC18B31A1E76CBCE00C3FCD6 /* Base */,
			);
			name = LaunchScreen.storyboard;
			sourceTree = "<group>";
		};
/* End PBXVariantGroup section */

/* Begin XCBuildConfiguration section */
		DC18B3331E76CBCE00C3FCD6 /* Debug */ = {
			isa = XCBuildConfiguration;
			buildSettings = {
				ALWAYS_SEARCH_USER_PATHS = NO;
				CLANG_ANALYZER_NONNULL = YES;
				CLANG_CXX_LANGUAGE_STANDARD = "gnu++0x";
				CLANG_CXX_LIBRARY = "libc++";
				CLANG_ENABLE_MODULES = YES;
				CLANG_ENABLE_OBJC_ARC = YES;
				CLANG_WARN_BOOL_CONVERSION = YES;
				CLANG_WARN_CONSTANT_CONVERSION = YES;
				CLANG_WARN_DIRECT_OBJC_ISA_USAGE = YES_ERROR;
				CLANG_WARN_DOCUMENTATION_COMMENTS = YES;
				CLANG_WARN_EMPTY_BODY = YES;
				CLANG_WARN_ENUM_CONVERSION = YES;
				CLANG_WARN_INFINITE_RECURSION = YES;
				CLANG_WARN_INT_CONVERSION = YES;
				CLANG_WARN_OBJC_ROOT_CLASS = YES_ERROR;
				CLANG_WARN_SUSPICIOUS_MOVE = YES;
				CLANG_WARN_UNREACHABLE_CODE = YES;
				CLANG_WARN__DUPLICATE_METHOD_MATCH = YES;
				"CODE_SIGN_IDENTITY[sdk=iphoneos*]" = "iPhone Developer";
				COPY_PHASE_STRIP = NO;
				DEBUG_INFORMATION_FORMAT = dwarf;
				ENABLE_STRICT_OBJC_MSGSEND = YES;
				ENABLE_TESTABILITY = YES;
				GCC_C_LANGUAGE_STANDARD = gnu99;
				GCC_DYNAMIC_NO_PIC = NO;
				GCC_NO_COMMON_BLOCKS = YES;
				GCC_OPTIMIZATION_LEVEL = 0;
				GCC_PREPROCESSOR_DEFINITIONS = (
					"DEBUG=1",
					"$(inherited)",
				);
				GCC_WARN_64_TO_32_BIT_CONVERSION = YES;
				GCC_WARN_ABOUT_RETURN_TYPE = YES_ERROR;
				GCC_WARN_UNDECLARED_SELECTOR = YES;
				GCC_WARN_UNINITIALIZED_AUTOS = YES_AGGRESSIVE;
				GCC_WARN_UNUSED_FUNCTION = YES;
				GCC_WARN_UNUSED_VARIABLE = YES;
				IPHONEOS_DEPLOYMENT_TARGET = 10.2;
				MTL_ENABLE_DEBUG_INFO = YES;
				ONLY_ACTIVE_ARCH = YES;
				SDKROOT = iphoneos;
				SWIFT_ACTIVE_COMPILATION_CONDITIONS = DEBUG;
				SWIFT_OPTIMIZATION_LEVEL = "-Onone";
			};
			name = Debug;
		};
		DC18B3341E76CBCE00C3FCD6 /* Release */ = {
			isa = XCBuildConfiguration;
			buildSettings = {
				ALWAYS_SEARCH_USER_PATHS = NO;
				CLANG_ANALYZER_NONNULL = YES;
				CLANG_CXX_LANGUAGE_STANDARD = "gnu++0x";
				CLANG_CXX_LIBRARY = "libc++";
				CLANG_ENABLE_MODULES = YES;
				CLANG_ENABLE_OBJC_ARC = YES;
				CLANG_WARN_BOOL_CONVERSION = YES;
				CLANG_WARN_CONSTANT_CONVERSION = YES;
				CLANG_WARN_DIRECT_OBJC_ISA_USAGE = YES_ERROR;
				CLANG_WARN_DOCUMENTATION_COMMENTS = YES;
				CLANG_WARN_EMPTY_BODY = YES;
				CLANG_WARN_ENUM_CONVERSION = YES;
				CLANG_WARN_INFINITE_RECURSION = YES;
				CLANG_WARN_INT_CONVERSION = YES;
				CLANG_WARN_OBJC_ROOT_CLASS = YES_ERROR;
				CLANG_WARN_SUSPICIOUS_MOVE = YES;
				CLANG_WARN_UNREACHABLE_CODE = YES;
				CLANG_WARN__DUPLICATE_METHOD_MATCH = YES;
				"CODE_SIGN_IDENTITY[sdk=iphoneos*]" = "iPhone Developer";
				COPY_PHASE_STRIP = NO;
				DEBUG_INFORMATION_FORMAT = "dwarf-with-dsym";
				ENABLE_NS_ASSERTIONS = NO;
				ENABLE_STRICT_OBJC_MSGSEND = YES;
				GCC_C_LANGUAGE_STANDARD = gnu99;
				GCC_NO_COMMON_BLOCKS = YES;
				GCC_WARN_64_TO_32_BIT_CONVERSION = YES;
				GCC_WARN_ABOUT_RETURN_TYPE = YES_ERROR;
				GCC_WARN_UNDECLARED_SELECTOR = YES;
				GCC_WARN_UNINITIALIZED_AUTOS = YES_AGGRESSIVE;
				GCC_WARN_UNUSED_FUNCTION = YES;
				GCC_WARN_UNUSED_VARIABLE = YES;
				IPHONEOS_DEPLOYMENT_TARGET = 10.2;
				MTL_ENABLE_DEBUG_INFO = NO;
				SDKROOT = iphoneos;
				SWIFT_OPTIMIZATION_LEVEL = "-Owholemodule";
				VALIDATE_PRODUCT = YES;
			};
			name = Release;
		};
		DC18B3361E76CBCE00C3FCD6 /* Debug */ = {
			isa = XCBuildConfiguration;
			buildSettings = {
				ASSETCATALOG_COMPILER_APPICON_NAME = AppIcon;
				DEVELOPMENT_TEAM = 82HRX58VPA;
				INFOPLIST_FILE = "O-Week/Info.plist";
				LD_RUNPATH_SEARCH_PATHS = "$(inherited) @executable_path/Frameworks";
				PRODUCT_BUNDLE_IDENTIFIER = "com.cornellsatech.O-Week";
				PRODUCT_NAME = "$(TARGET_NAME)";
				SWIFT_VERSION = 3.0;
			};
			name = Debug;
		};
		DC18B3371E76CBCE00C3FCD6 /* Release */ = {
			isa = XCBuildConfiguration;
			buildSettings = {
				ASSETCATALOG_COMPILER_APPICON_NAME = AppIcon;
				DEVELOPMENT_TEAM = 82HRX58VPA;
				INFOPLIST_FILE = "O-Week/Info.plist";
				LD_RUNPATH_SEARCH_PATHS = "$(inherited) @executable_path/Frameworks";
				PRODUCT_BUNDLE_IDENTIFIER = "com.cornellsatech.O-Week";
				PRODUCT_NAME = "$(TARGET_NAME)";
				SWIFT_VERSION = 3.0;
			};
			name = Release;
		};
		DC18B3391E76CBCE00C3FCD6 /* Debug */ = {
			isa = XCBuildConfiguration;
			buildSettings = {
				ALWAYS_EMBED_SWIFT_STANDARD_LIBRARIES = YES;
				BUNDLE_LOADER = "$(TEST_HOST)";
				DEVELOPMENT_TEAM = 82HRX58VPA;
				INFOPLIST_FILE = "O-WeekTests/Info.plist";
				LD_RUNPATH_SEARCH_PATHS = "$(inherited) @executable_path/Frameworks @loader_path/Frameworks";
				PRODUCT_BUNDLE_IDENTIFIER = "com.cornellsatech.O-WeekTests";
				PRODUCT_NAME = "$(TARGET_NAME)";
				SWIFT_VERSION = 3.0;
				TEST_HOST = "$(BUILT_PRODUCTS_DIR)/O-Week.app/O-Week";
			};
			name = Debug;
		};
		DC18B33A1E76CBCE00C3FCD6 /* Release */ = {
			isa = XCBuildConfiguration;
			buildSettings = {
				ALWAYS_EMBED_SWIFT_STANDARD_LIBRARIES = YES;
				BUNDLE_LOADER = "$(TEST_HOST)";
				DEVELOPMENT_TEAM = 82HRX58VPA;
				INFOPLIST_FILE = "O-WeekTests/Info.plist";
				LD_RUNPATH_SEARCH_PATHS = "$(inherited) @executable_path/Frameworks @loader_path/Frameworks";
				PRODUCT_BUNDLE_IDENTIFIER = "com.cornellsatech.O-WeekTests";
				PRODUCT_NAME = "$(TARGET_NAME)";
				SWIFT_VERSION = 3.0;
				TEST_HOST = "$(BUILT_PRODUCTS_DIR)/O-Week.app/O-Week";
			};
			name = Release;
		};
		DC18B33C1E76CBCE00C3FCD6 /* Debug */ = {
			isa = XCBuildConfiguration;
			buildSettings = {
				ALWAYS_EMBED_SWIFT_STANDARD_LIBRARIES = YES;
				DEVELOPMENT_TEAM = 82HRX58VPA;
				INFOPLIST_FILE = "O-WeekUITests/Info.plist";
				LD_RUNPATH_SEARCH_PATHS = "$(inherited) @executable_path/Frameworks @loader_path/Frameworks";
				PRODUCT_BUNDLE_IDENTIFIER = "com.cornellsatech.O-WeekUITests";
				PRODUCT_NAME = "$(TARGET_NAME)";
				SWIFT_VERSION = 3.0;
				TEST_TARGET_NAME = "O-Week";
			};
			name = Debug;
		};
		DC18B33D1E76CBCE00C3FCD6 /* Release */ = {
			isa = XCBuildConfiguration;
			buildSettings = {
				ALWAYS_EMBED_SWIFT_STANDARD_LIBRARIES = YES;
				DEVELOPMENT_TEAM = 82HRX58VPA;
				INFOPLIST_FILE = "O-WeekUITests/Info.plist";
				LD_RUNPATH_SEARCH_PATHS = "$(inherited) @executable_path/Frameworks @loader_path/Frameworks";
				PRODUCT_BUNDLE_IDENTIFIER = "com.cornellsatech.O-WeekUITests";
				PRODUCT_NAME = "$(TARGET_NAME)";
				SWIFT_VERSION = 3.0;
				TEST_TARGET_NAME = "O-Week";
			};
			name = Release;
		};
/* End XCBuildConfiguration section */

/* Begin XCConfigurationList section */
		DC18B3081E76CBCE00C3FCD6 /* Build configuration list for PBXProject "O-Week" */ = {
			isa = XCConfigurationList;
			buildConfigurations = (
				DC18B3331E76CBCE00C3FCD6 /* Debug */,
				DC18B3341E76CBCE00C3FCD6 /* Release */,
			);
			defaultConfigurationIsVisible = 0;
			defaultConfigurationName = Release;
		};
		DC18B3351E76CBCE00C3FCD6 /* Build configuration list for PBXNativeTarget "O-Week" */ = {
			isa = XCConfigurationList;
			buildConfigurations = (
				DC18B3361E76CBCE00C3FCD6 /* Debug */,
				DC18B3371E76CBCE00C3FCD6 /* Release */,
			);
			defaultConfigurationIsVisible = 0;
			defaultConfigurationName = Release;
		};
		DC18B3381E76CBCE00C3FCD6 /* Build configuration list for PBXNativeTarget "O-WeekTests" */ = {
			isa = XCConfigurationList;
			buildConfigurations = (
				DC18B3391E76CBCE00C3FCD6 /* Debug */,
				DC18B33A1E76CBCE00C3FCD6 /* Release */,
			);
			defaultConfigurationIsVisible = 0;
			defaultConfigurationName = Release;
		};
		DC18B33B1E76CBCE00C3FCD6 /* Build configuration list for PBXNativeTarget "O-WeekUITests" */ = {
			isa = XCConfigurationList;
			buildConfigurations = (
				DC18B33C1E76CBCE00C3FCD6 /* Debug */,
				DC18B33D1E76CBCE00C3FCD6 /* Release */,
			);
			defaultConfigurationIsVisible = 0;
			defaultConfigurationName = Release;
		};
/* End XCConfigurationList section */
	};
	rootObject = DC18B3051E76CBCE00C3FCD6 /* Project object */;
}
